
Microsoft Visual Studio Solution File, Format Version 12.00
# Visual Studio 15
Project("{FAE04EC0-301F-11D3-BF4B-00C04F79EFBC}") = "AssemblyHierarchy", "AssemblyHierarchy.csproj", "{70F75FB5-6A5E-41F9-B5B1-91ED8F365FA0}"
EndProject
Global
	GlobalSection(SolutionConfigurationPlatforms) = preSolution
		Debug|anycpu = Debug|anycpu
		Release|anycpu = Release|anycpu
	EndGlobalSection
	GlobalSection(ProjectConfigurationPlatforms) = postSolution
		{70F75FB5-6A5E-41F9-B5B1-91ED8F365FA0}.Debug|anycpu.ActiveCfg = Debug|anycpu
		{70F75FB5-6A5E-41F9-B5B1-91ED8F365FA0}.Debug|anycpu.Build.0 = Debug|anycpu
		{70F75FB5-6A5E-41F9-B5B1-91ED8F365FA0}.Release|anycpu.ActiveCfg = Release|anycpu
		{70F75FB5-6A5E-41F9-B5B1-91ED8F365FA0}.Release|anycpu.Build.0 = Release|anycpu
	EndGlobalSection
EndGlobal
